
Microsoft Visual Studio Solution File, Format Version 12.00
# Visual Studio Version 16
VisualStudioVersion = 16.0.33529.622
MinimumVisualStudioVersion = 10.0.40219.1
Project("{FAE04EC0-301F-11D3-BF4B-00C04F79EFBC}") = "Sitecore.Demo.MVC.Web", "Sitecore.Demo.MVC.Web\Sitecore.Demo.MVC.Web.csproj", "{4AB6484D-0906-48AA-ABB2-9F7DB0204AAB}"
EndProject
Global
	GlobalSection(SolutionConfigurationPlatforms) = preSolution
		Debug|Any CPU = Debug|Any CPU
		Release|Any CPU = Release|Any CPU
	EndGlobalSection
	GlobalSection(ProjectConfigurationPlatforms) = postSolution
		{4AB6484D-0906-48AA-ABB2-9F7DB0204AAB}.Debug|Any CPU.ActiveCfg = Debug|Any CPU
		{4AB6484D-0906-48AA-ABB2-9F7DB0204AAB}.Debug|Any CPU.Build.0 = Debug|Any CPU
		{4AB6484D-0906-48AA-ABB2-9F7DB0204AAB}.Release|Any CPU.ActiveCfg = Release|Any CPU
		{4AB6484D-0906-48AA-ABB2-9F7DB0204AAB}.Release|Any CPU.Build.0 = Release|Any CPU
	EndGlobalSection
	GlobalSection(SolutionProperties) = preSolution
		HideSolutionNode = FALSE
	EndGlobalSection
	GlobalSection(ExtensibilityGlobals) = postSolution
		SolutionGuid = {3D09562D-F952-4522-82EF-9B6AC625EA28}
	EndGlobalSection
EndGlobal
